{
  "name": "bs-ws",
  "version": "1.1.3",
  "lockfileVersion": 1,
  "requires": true,
  "dependencies": {
    "bs-platform": {
      "version": "7.1.1",
      "resolved": "https://registry.npmjs.org/bs-platform/-/bs-platform-7.1.1.tgz",
      "integrity": "sha512-ckZHR3J+yxyEKXOBHX8+hfzWG2XX5BxhQ4Iw9lulHFGYdAm9Ep9LgKkIah7G6RYADLmVfTxFE48igvY3kkkl+g==",
      "dev": true
    },
    "ws": {
      "version": "7.2.1",
      "resolved": "https://registry.npmjs.org/ws/-/ws-7.2.1.tgz",
      "integrity": "sha512-sucePNSafamSKoOqoNfBd8V0StlkzJKL2ZAhGQinCfNQ+oacw+Pk7lcdAElecBF2VkLNZRiIb5Oi1Q5lVUVt2A=="
    }
  }
}
